
Microsoft Visual Studio Solution File, Format Version 12.00
# Visual Studio 15
VisualStudioVersion = 15.0.28307.1321
MinimumVisualStudioVersion = 10.0.40219.1
Project("{FAE04EC0-301F-11D3-BF4B-00C04F79EFBC}") = "TestHello", "TestHello\TestHello.csproj", "{9C064550-5D50-4928-8C88-04831F86F837}"
EndProject
Global
	GlobalSection(SolutionConfigurationPlatforms) = preSolution
		Debug|Any CPU = Debug|Any CPU
		Release|Any CPU = Release|Any CPU
	EndGlobalSection
	GlobalSection(ProjectConfigurationPlatforms) = postSolution
		{9C064550-5D50-4928-8C88-04831F86F837}.Debug|Any CPU.ActiveCfg = Debug|Any CPU
		{9C064550-5D50-4928-8C88-04831F86F837}.Debug|Any CPU.Build.0 = Debug|Any CPU
		{9C064550-5D50-4928-8C88-04831F86F837}.Release|Any CPU.ActiveCfg = Release|Any CPU
		{9C064550-5D50-4928-8C88-04831F86F837}.Release|Any CPU.Build.0 = Release|Any CPU
	EndGlobalSection
	GlobalSection(SolutionProperties) = preSolution
		HideSolutionNode = FALSE
	EndGlobalSection
	GlobalSection(ExtensibilityGlobals) = postSolution
		SolutionGuid = {15250B6C-F1E2-4D81-B6D2-CB3291A71F5A}
	EndGlobalSection
EndGlobal
